
Microsoft Visual Studio Solution File, Format Version 12.00
# Visual Studio Version 17
VisualStudioVersion = 17.7.34221.43
MinimumVisualStudioVersion = 10.0.40219.1
Project("{9A19103F-16F7-4668-BE54-9A1E7A4F7556}") = "FormulaDatabase", "BlazorMongoDB\FormulaDatabase.csproj", "{9A12794D-496A-46C6-B32B-081DBEE53B84}"
EndProject
Global
	GlobalSection(SolutionConfigurationPlatforms) = preSolution
		Debug|Any CPU = Debug|Any CPU
		Release|Any CPU = Release|Any CPU
	EndGlobalSection
	GlobalSection(ProjectConfigurationPlatforms) = postSolution
		{9A12794D-496A-46C6-B32B-081DBEE53B84}.Debug|Any CPU.ActiveCfg = Debug|Any CPU
		{9A12794D-496A-46C6-B32B-081DBEE53B84}.Debug|Any CPU.Build.0 = Debug|Any CPU
		{9A12794D-496A-46C6-B32B-081DBEE53B84}.Release|Any CPU.ActiveCfg = Release|Any CPU
		{9A12794D-496A-46C6-B32B-081DBEE53B84}.Release|Any CPU.Build.0 = Release|Any CPU
	EndGlobalSection
	GlobalSection(SolutionProperties) = preSolution
		HideSolutionNode = FALSE
	EndGlobalSection
	GlobalSection(ExtensibilityGlobals) = postSolution
		SolutionGuid = {CE00EE43-EE85-407A-B2D1-52315F4FD521}
	EndGlobalSection
EndGlobal
